// !$*UTF8*$!
{
	archiveVersion = 1;
	classes = {
	};
	objectVersion = 46;
	objects = {

/* Begin PBXBuildFile section */
		8908686319622BA200462E97 /* cluster.cpp in Sources */ = {isa = PBXBuildFile; fileRef = 8908685D19622BA200462E97 /* cluster.cpp */; };
		8908686419622BA200462E97 /* distributions.cpp in Sources */ = {isa = PBXBuildFile; fileRef = 8908685E19622BA200462E97 /* distributions.cpp */; };
		8908686519622BA200462E97 /* testdata.h in Headers */ = {isa = PBXBuildFile; fileRef = 8908685F19622BA200462E97 /* testdata.h */; };
		8908686619622BA200462E97 /* probutils.cpp in Sources */ = {isa = PBXBuildFile; fileRef = 8908686019622BA200462E97 /* probutils.cpp */; };
		8908686719622BA200462E97 /* comutils.h in Headers */ = {isa = PBXBuildFile; fileRef = 8908686119622BA200462E97 /* comutils.h */; };
		8908686819622BA200462E97 /* comutils.cpp in Sources */ = {isa = PBXBuildFile; fileRef = 8908686219622BA200462E97 /* comutils.cpp */; };
		8908686C19622BB300462E97 /* libcluster.h in Headers */ = {isa = PBXBuildFile; fileRef = 8908686919622BB300462E97 /* libcluster.h */; };
		8908686D19622BB300462E97 /* distributions.h in Headers */ = {isa = PBXBuildFile; fileRef = 8908686A19622BB300462E97 /* distributions.h */; };
		8908686E19622BB300462E97 /* probutils.h in Headers */ = {isa = PBXBuildFile; fileRef = 8908686B19622BB300462E97 /* probutils.h */; };
/* End PBXBuildFile section */

/* Begin PBXFileReference section */
		8908685D19622BA200462E97 /* cluster.cpp */ = {isa = PBXFileReference; fileEncoding = 4; lastKnownFileType = sourcecode.cpp.cpp; name = cluster.cpp; path = src/cluster.cpp; sourceTree = SOURCE_ROOT; };
		8908685E19622BA200462E97 /* distributions.cpp */ = {isa = PBXFileReference; fileEncoding = 4; lastKnownFileType = sourcecode.cpp.cpp; name = distributions.cpp; path = src/distributions.cpp; sourceTree = SOURCE_ROOT; };
		8908685F19622BA200462E97 /* testdata.h */ = {isa = PBXFileReference; fileEncoding = 4; lastKnownFileType = sourcecode.c.h; name = testdata.h; path = src/testdata.h; sourceTree = SOURCE_ROOT; };
		8908686019622BA200462E97 /* probutils.cpp */ = {isa = PBXFileReference; fileEncoding = 4; lastKnownFileType = sourcecode.cpp.cpp; name = probutils.cpp; path = src/probutils.cpp; sourceTree = SOURCE_ROOT; };
		8908686119622BA200462E97 /* comutils.h */ = {isa = PBXFileReference; fileEncoding = 4; lastKnownFileType = sourcecode.c.h; name = comutils.h; path = src/comutils.h; sourceTree = SOURCE_ROOT; };
		8908686219622BA200462E97 /* comutils.cpp */ = {isa = PBXFileReference; fileEncoding = 4; lastKnownFileType = sourcecode.cpp.cpp; name = comutils.cpp; path = src/comutils.cpp; sourceTree = SOURCE_ROOT; };
		8908686919622BB300462E97 /* libcluster.h */ = {isa = PBXFileReference; fileEncoding = 4; lastKnownFileType = sourcecode.c.h; name = libcluster.h; path = include/libcluster.h; sourceTree = SOURCE_ROOT; };
		8908686A19622BB300462E97 /* distributions.h */ = {isa = PBXFileReference; fileEncoding = 4; lastKnownFileType = sourcecode.c.h; name = distributions.h; path = include/distributions.h; sourceTree = SOURCE_ROOT; };
		8908686B19622BB300462E97 /* probutils.h */ = {isa = PBXFileReference; fileEncoding = 4; lastKnownFileType = sourcecode.c.h; name = probutils.h; path = include/probutils.h; sourceTree = SOURCE_ROOT; };
		890EF1071793311900C8F929 /* liblibcluster.a */ = {isa = PBXFileReference; explicitFileType = archive.ar; includeInIndex = 0; path = liblibcluster.a; sourceTree = BUILT_PRODUCTS_DIR; };
/* End PBXFileReference section */

/* Begin PBXFrameworksBuildPhase section */
		890EF1041793311900C8F929 /* Frameworks */ = {
			isa = PBXFrameworksBuildPhase;
			buildActionMask = 2147483647;
			files = (
			);
			runOnlyForDeploymentPostprocessing = 0;
		};
/* End PBXFrameworksBuildPhase section */

/* Begin PBXGroup section */
		890EF0FC1793311900C8F929 = {
			isa = PBXGroup;
			children = (
				890EF1081793311900C8F929 /* Products */,
				890EF10E1793312A00C8F929 /* include */,
				890EF1121793312A00C8F929 /* src */,
			);
			sourceTree = "<group>";
		};
		890EF1081793311900C8F929 /* Products */ = {
			isa = PBXGroup;
			children = (
				890EF1071793311900C8F929 /* liblibcluster.a */,
			);
			name = Products;
			sourceTree = "<group>";
		};
		890EF10E1793312A00C8F929 /* include */ = {
			isa = PBXGroup;
			children = (
				8908686919622BB300462E97 /* libcluster.h */,
				8908686A19622BB300462E97 /* distributions.h */,
				8908686B19622BB300462E97 /* probutils.h */,
			);
			name = include;
			path = ../include;
			sourceTree = "<group>";
		};
		890EF1121793312A00C8F929 /* src */ = {
			isa = PBXGroup;
			children = (
				8908685D19622BA200462E97 /* cluster.cpp */,
				8908685E19622BA200462E97 /* distributions.cpp */,
				8908685F19622BA200462E97 /* testdata.h */,
				8908686019622BA200462E97 /* probutils.cpp */,
				8908686119622BA200462E97 /* comutils.h */,
				8908686219622BA200462E97 /* comutils.cpp */,
			);
			name = src;
			path = ../src;
			sourceTree = "<group>";
		};
/* End PBXGroup section */

/* Begin PBXHeadersBuildPhase section */
		890EF1051793311900C8F929 /* Headers */ = {
			isa = PBXHeadersBuildPhase;
			buildActionMask = 2147483647;
			files = (
				8908686D19622BB300462E97 /* distributions.h in Headers */,
				8908686719622BA200462E97 /* comutils.h in Headers */,
				8908686C19622BB300462E97 /* libcluster.h in Headers */,
				8908686519622BA200462E97 /* testdata.h in Headers */,
				8908686E19622BB300462E97 /* probutils.h in Headers */,
			);
			runOnlyForDeploymentPostprocessing = 0;
		};
/* End PBXHeadersBuildPhase section */

/* Begin PBXNativeTarget section */
		890EF1061793311900C8F929 /* libcluster */ = {
			isa = PBXNativeTarget;
			buildConfigurationList = 890EF10B1793311900C8F929 /* Build configuration list for PBXNativeTarget "libcluster" */;
			buildPhases = (
				890EF1031793311900C8F929 /* Sources */,
				890EF1041793311900C8F929 /* Frameworks */,
				890EF1051793311900C8F929 /* Headers */,
			);
			buildRules = (
			);
			dependencies = (
			);
			name = libcluster;
			productName = libcluster;
			productReference = 890EF1071793311900C8F929 /* liblibcluster.a */;
			productType = "com.apple.product-type.library.static";
		};
/* End PBXNativeTarget section */

/* Begin PBXProject section */
		890EF0FE1793311900C8F929 /* Project object */ = {
			isa = PBXProject;
			attributes = {
				LastUpgradeCheck = 0510;
				ORGANIZATIONNAME = "Mr. Magoo";
			};
			buildConfigurationList = 890EF1011793311900C8F929 /* Build configuration list for PBXProject "libcluster" */;
			compatibilityVersion = "Xcode 3.2";
			developmentRegion = English;
			hasScannedForEncodings = 0;
			knownRegions = (
				en,
			);
			mainGroup = 890EF0FC1793311900C8F929;
			productRefGroup = 890EF1081793311900C8F929 /* Products */;
			projectDirPath = "";
			projectRoot = "";
			targets = (
				890EF1061793311900C8F929 /* libcluster */,
			);
		};
/* End PBXProject section */

/* Begin PBXSourcesBuildPhase section */
		890EF1031793311900C8F929 /* Sources */ = {
			isa = PBXSourcesBuildPhase;
			buildActionMask = 2147483647;
			files = (
				8908686319622BA200462E97 /* cluster.cpp in Sources */,
				8908686819622BA200462E97 /* comutils.cpp in Sources */,
				8908686419622BA200462E97 /* distributions.cpp in Sources */,
				8908686619622BA200462E97 /* probutils.cpp in Sources */,
			);
			runOnlyForDeploymentPostprocessing = 0;
		};
/* End PBXSourcesBuildPhase section */

/* Begin XCBuildConfiguration section */
		890EF1091793311900C8F929 /* Debug */ = {
			isa = XCBuildConfiguration;
			buildSettings = {
				ALWAYS_SEARCH_USER_PATHS = NO;
				CLANG_CXX_LANGUAGE_STANDARD = "gnu++0x";
				CLANG_CXX_LIBRARY = "libc++";
				CLANG_ENABLE_OBJC_ARC = YES;
				CLANG_WARN_EMPTY_BODY = YES;
				CLANG_WARN__DUPLICATE_METHOD_MATCH = YES;
				COPY_PHASE_STRIP = NO;
				ENABLE_OPENMP_SUPPORT = YES;
				GCC_C_LANGUAGE_STANDARD = gnu99;
				GCC_DYNAMIC_NO_PIC = NO;
				GCC_ENABLE_OBJC_EXCEPTIONS = YES;
				GCC_OPTIMIZATION_LEVEL = 0;
				GCC_PREPROCESSOR_DEFINITIONS = (
					"DEBUG=1",
					"$(inherited)",
				);
				GCC_SYMBOLS_PRIVATE_EXTERN = NO;
				GCC_VERSION = "";
				GCC_WARN_64_TO_32_BIT_CONVERSION = YES;
				GCC_WARN_ABOUT_RETURN_TYPE = YES;
				GCC_WARN_UNINITIALIZED_AUTOS = YES;
				GCC_WARN_UNUSED_VARIABLE = YES;
				HEADER_SEARCH_PATHS = /usr/local/include/;
				MACOSX_DEPLOYMENT_TARGET = 10.8;
				ONLY_ACTIVE_ARCH = NO;
				SDKROOT = macosx;
			};
			name = Debug;
		};
		890EF10A1793311900C8F929 /* Release */ = {
			isa = XCBuildConfiguration;
			buildSettings = {
				ALWAYS_SEARCH_USER_PATHS = NO;
				CLANG_CXX_LANGUAGE_STANDARD = "gnu++0x";
				CLANG_CXX_LIBRARY = "libc++";
				CLANG_ENABLE_OBJC_ARC = YES;
				CLANG_WARN_EMPTY_BODY = YES;
				CLANG_WARN__DUPLICATE_METHOD_MATCH = YES;
				COPY_PHASE_STRIP = YES;
				DEBUG_INFORMATION_FORMAT = "dwarf-with-dsym";
				ENABLE_OPENMP_SUPPORT = YES;
				GCC_C_LANGUAGE_STANDARD = gnu99;
				GCC_ENABLE_OBJC_EXCEPTIONS = YES;
				GCC_VERSION = "";
				GCC_WARN_64_TO_32_BIT_CONVERSION = YES;
				GCC_WARN_ABOUT_RETURN_TYPE = YES;
				GCC_WARN_UNINITIALIZED_AUTOS = YES;
				GCC_WARN_UNUSED_VARIABLE = YES;
				HEADER_SEARCH_PATHS = /usr/local/include/;
				MACOSX_DEPLOYMENT_TARGET = 10.8;
				ONLY_ACTIVE_ARCH = NO;
				SDKROOT = macosx;
			};
			name = Release;
		};
		890EF10C1793311900C8F929 /* Debug */ = {
			isa = XCBuildConfiguration;
			buildSettings = {
				ARCHS = "$(ARCHS_STANDARD_32_64_BIT)";
				CLANG_CXX_LANGUAGE_STANDARD = "compiler-default";
				CLANG_CXX_LIBRARY = "compiler-default";
				EXECUTABLE_PREFIX = lib;
				GCC_C_LANGUAGE_STANDARD = "compiler-default";
				GCC_VERSION = "";
				PRODUCT_NAME = "$(TARGET_NAME)";
				VALID_ARCHS = "x86_64 i386";
			};
			name = Debug;
		};
		890EF10D1793311900C8F929 /* Release */ = {
			isa = XCBuildConfiguration;
			buildSettings = {
				ARCHS = "$(ARCHS_STANDARD_32_64_BIT)";
				CLANG_CXX_LANGUAGE_STANDARD = "compiler-default";
				CLANG_CXX_LIBRARY = "compiler-default";
				EXECUTABLE_PREFIX = lib;
				GCC_C_LANGUAGE_STANDARD = "compiler-default";
				GCC_VERSION = "";
				PRODUCT_NAME = "$(TARGET_NAME)";
				VALID_ARCHS = "x86_64 i386";
			};
			name = Release;
		};
/* End XCBuildConfiguration section */

/* Begin XCConfigurationList section */
		890EF1011793311900C8F929 /* Build configuration list for PBXProject "libcluster" */ = {
			isa = XCConfigurationList;
			buildConfigurations = (
				890EF1091793311900C8F929 /* Debug */,
				890EF10A1793311900C8F929 /* Release */,
			);
			defaultConfigurationIsVisible = 0;
			defaultConfigurationName = Release;
		};
		890EF10B1793311900C8F929 /* Build configuration list for PBXNativeTarget "libcluster" */ = {
			isa = XCConfigurationList;
			buildConfigurations = (
				890EF10C1793311900C8F929 /* Debug */,
				890EF10D1793311900C8F929 /* Release */,
			);
			defaultConfigurationIsVisible = 0;
			defaultConfigurationName = Release;
		};
/* End XCConfigurationList section */
	};
	rootObject = 890EF0FE1793311900C8F929 /* Project object */;
}
